
Microsoft Visual Studio Solution File, Format Version 12.00
# Visual Studio Version 17
VisualStudioVersion = 17.6.33829.357
MinimumVisualStudioVersion = 10.0.40219.1
Project("{2150E333-8FDC-42A3-9474-1A3956D46DE8}") = "src", "src", "{5FD67C6B-9F33-418A-9A12-CFE224E36F91}"
EndProject
Project("{2150E333-8FDC-42A3-9474-1A3956D46DE8}") = "test", "test", "{7AA6B5BE-404F-4317-B3DB-15569D9BC9D9}"
EndProject
Project("{FAE04EC0-301F-11D3-BF4B-00C04F79EFBC}") = "BelousLib.GuidExtension.UnitTests", "test\BelousLib.GuidExtension.UnitTests\BelousLib.GuidExtension.UnitTests.csproj", "{1FD79A6A-5787-47A5-8E7D-A37EB1F24220}"
EndProject
Project("{FAE04EC0-301F-11D3-BF4B-00C04F79EFBC}") = "BelousLib.GuidExtension", "src\BelousLib.GuidExtension\BelousLib.GuidExtension.csproj", "{252171A3-E89D-4C8E-9560-AA0BF12D4B0D}"
EndProject
Global
	GlobalSection(SolutionConfigurationPlatforms) = preSolution
		Debug|Any CPU = Debug|Any CPU
		Release|Any CPU = Release|Any CPU
	EndGlobalSection
	GlobalSection(ProjectConfigurationPlatforms) = postSolution
		{1FD79A6A-5787-47A5-8E7D-A37EB1F24220}.Debug|Any CPU.ActiveCfg = Debug|Any CPU
		{1FD79A6A-5787-47A5-8E7D-A37EB1F24220}.Debug|Any CPU.Build.0 = Debug|Any CPU
		{1FD79A6A-5787-47A5-8E7D-A37EB1F24220}.Release|Any CPU.ActiveCfg = Release|Any CPU
		{1FD79A6A-5787-47A5-8E7D-A37EB1F24220}.Release|Any CPU.Build.0 = Release|Any CPU
		{252171A3-E89D-4C8E-9560-AA0BF12D4B0D}.Debug|Any CPU.ActiveCfg = Debug|Any CPU
		{252171A3-E89D-4C8E-9560-AA0BF12D4B0D}.Debug|Any CPU.Build.0 = Debug|Any CPU
		{252171A3-E89D-4C8E-9560-AA0BF12D4B0D}.Release|Any CPU.ActiveCfg = Release|Any CPU
		{252171A3-E89D-4C8E-9560-AA0BF12D4B0D}.Release|Any CPU.Build.0 = Release|Any CPU
	EndGlobalSection
	GlobalSection(SolutionProperties) = preSolution
		HideSolutionNode = FALSE
	EndGlobalSection
	GlobalSection(NestedProjects) = preSolution
		{1FD79A6A-5787-47A5-8E7D-A37EB1F24220} = {7AA6B5BE-404F-4317-B3DB-15569D9BC9D9}
		{252171A3-E89D-4C8E-9560-AA0BF12D4B0D} = {5FD67C6B-9F33-418A-9A12-CFE224E36F91}
	EndGlobalSection
	GlobalSection(ExtensibilityGlobals) = postSolution
		SolutionGuid = {A9C9D86A-C58F-4EE9-9537-1DA5117BBE5C}
	EndGlobalSection
EndGlobal
